// !$*UTF8*$!
{
	archiveVersion = 1;
	classes = {
	};
	objectVersion = 50;
	objects = {

/* Begin PBXBuildFile section */
		69A5290E2371C09B000B8B21 /* AppDelegate.swift in Sources */ = {isa = PBXBuildFile; fileRef = 69A5290D2371C09B000B8B21 /* AppDelegate.swift */; };
		69A529102371C09B000B8B21 /* SceneDelegate.swift in Sources */ = {isa = PBXBuildFile; fileRef = 69A5290F2371C09B000B8B21 /* SceneDelegate.swift */; };
		69A529122371C09B000B8B21 /* ViewController.swift in Sources */ = {isa = PBXBuildFile; fileRef = 69A529112371C09B000B8B21 /* ViewController.swift */; };
		69A529152371C09B000B8B21 /* Main.storyboard in Resources */ = {isa = PBXBuildFile; fileRef = 69A529132371C09B000B8B21 /* Main.storyboard */; };
		69A529182371C09B000B8B21 /* Shopper.xcdatamodeld in Sources */ = {isa = PBXBuildFile; fileRef = 69A529162371C09B000B8B21 /* Shopper.xcdatamodeld */; };
		69A5291A2371C09C000B8B21 /* Assets.xcassets in Resources */ = {isa = PBXBuildFile; fileRef = 69A529192371C09C000B8B21 /* Assets.xcassets */; };
		69A5291D2371C09C000B8B21 /* LaunchScreen.storyboard in Resources */ = {isa = PBXBuildFile; fileRef = 69A5291B2371C09C000B8B21 /* LaunchScreen.storyboard */; };
		69A529252371C420000B8B21 /* ShopperTableViewController.swift in Sources */ = {isa = PBXBuildFile; fileRef = 69A529242371C420000B8B21 /* ShopperTableViewController.swift */; };
		69F8E0AF237AFC410017B78A /* ShoppingListTableViewController.swift in Sources */ = {isa = PBXBuildFile; fileRef = 69F8E0AE237AFC410017B78A /* ShoppingListTableViewController.swift */; };
/* End PBXBuildFile section */

/* Begin PBXFileReference section */
		69A5290A2371C09B000B8B21 /* Shopper.app */ = {isa = PBXFileReference; explicitFileType = wrapper.application; includeInIndex = 0; path = Shopper.app; sourceTree = BUILT_PRODUCTS_DIR; };
		69A5290D2371C09B000B8B21 /* AppDelegate.swift */ = {isa = PBXFileReference; lastKnownFileType = sourcecode.swift; path = AppDelegate.swift; sourceTree = "<group>"; };
		69A5290F2371C09B000B8B21 /* SceneDelegate.swift */ = {isa = PBXFileReference; lastKnownFileType = sourcecode.swift; path = SceneDelegate.swift; sourceTree = "<group>"; };
		69A529112371C09B000B8B21 /* ViewController.swift */ = {isa = PBXFileReference; lastKnownFileType = sourcecode.swift; path = ViewController.swift; sourceTree = "<group>"; };
		69A529142371C09B000B8B21 /* Base */ = {isa = PBXFileReference; lastKnownFileType = file.storyboard; name = Base; path = Base.lproj/Main.storyboard; sourceTree = "<group>"; };
		69A529172371C09B000B8B21 /* Shopper.xcdatamodel */ = {isa = PBXFileReference; lastKnownFileType = wrapper.xcdatamodel; path = Shopper.xcdatamodel; sourceTree = "<group>"; };
		69A529192371C09C000B8B21 /* Assets.xcassets */ = {isa = PBXFileReference; lastKnownFileType = folder.assetcatalog; path = Assets.xcassets; sourceTree = "<group>"; };
		69A5291C2371C09C000B8B21 /* Base */ = {isa = PBXFileReference; lastKnownFileType = file.storyboard; name = Base; path = Base.lproj/LaunchScreen.storyboard; sourceTree = "<group>"; };
		69A5291E2371C09C000B8B21 /* Info.plist */ = {isa = PBXFileReference; lastKnownFileType = text.plist.xml; path = Info.plist; sourceTree = "<group>"; };
		69A529242371C420000B8B21 /* ShopperTableViewController.swift */ = {isa = PBXFileReference; lastKnownFileType = sourcecode.swift; path = ShopperTableViewController.swift; sourceTree = "<group>"; };
		69F8E0AE237AFC410017B78A /* ShoppingListTableViewController.swift */ = {isa = PBXFileReference; lastKnownFileType = sourcecode.swift; path = ShoppingListTableViewController.swift; sourceTree = "<group>"; };
/* End PBXFileReference section */

/* Begin PBXFrameworksBuildPhase section */
		69A529072371C09B000B8B21 /* Frameworks */ = {
			isa = PBXFrameworksBuildPhase;
			buildActionMask = 2147483647;
			files = (
			);
			runOnlyForDeploymentPostprocessing = 0;
		};
/* End PBXFrameworksBuildPhase section */

/* Begin PBXGroup section */
		69A529012371C09B000B8B21 = {
			isa = PBXGroup;
			children = (
				69A5290C2371C09B000B8B21 /* Shopper */,
				69A5290B2371C09B000B8B21 /* Products */,
			);
			sourceTree = "<group>";
		};
		69A5290B2371C09B000B8B21 /* Products */ = {
			isa = PBXGroup;
			children = (
				69A5290A2371C09B000B8B21 /* Shopper.app */,
			);
			name = Products;
			sourceTree = "<group>";
		};
		69A5290C2371C09B000B8B21 /* Shopper */ = {
			isa = PBXGroup;
			children = (
				69A5290D2371C09B000B8B21 /* AppDelegate.swift */,
				69A5290F2371C09B000B8B21 /* SceneDelegate.swift */,
				69A529112371C09B000B8B21 /* ViewController.swift */,
				69A529132371C09B000B8B21 /* Main.storyboard */,
				69A529192371C09C000B8B21 /* Assets.xcassets */,
				69A5291B2371C09C000B8B21 /* LaunchScreen.storyboard */,
				69A5291E2371C09C000B8B21 /* Info.plist */,
				69A529162371C09B000B8B21 /* Shopper.xcdatamodeld */,
				69A529242371C420000B8B21 /* ShopperTableViewController.swift */,
				69F8E0AE237AFC410017B78A /* ShoppingListTableViewController.swift */,
			);
			path = Shopper;
			sourceTree = "<group>";
		};
/* End PBXGroup section */

/* Begin PBXNativeTarget section */
		69A529092371C09B000B8B21 /* Shopper */ = {
			isa = PBXNativeTarget;
			buildConfigurationList = 69A529212371C09C000B8B21 /* Build configuration list for PBXNativeTarget "Shopper" */;
			buildPhases = (
				69A529062371C09B000B8B21 /* Sources */,
				69A529072371C09B000B8B21 /* Frameworks */,
				69A529082371C09B000B8B21 /* Resources */,
			);
			buildRules = (
			);
			dependencies = (
			);
			name = Shopper;
			productName = Shopper;
			productReference = 69A5290A2371C09B000B8B21 /* Shopper.app */;
			productType = "com.apple.product-type.application";
		};
/* End PBXNativeTarget section */

/* Begin PBXProject section */
		69A529022371C09B000B8B21 /* Project object */ = {
			isa = PBXProject;
			attributes = {
				LastSwiftUpdateCheck = 1110;
				LastUpgradeCheck = 1110;
				ORGANIZATIONNAME = "Smith, Stephen Christopher";
				TargetAttributes = {
					69A529092371C09B000B8B21 = {
						CreatedOnToolsVersion = 11.1;
					};
				};
			};
			buildConfigurationList = 69A529052371C09B000B8B21 /* Build configuration list for PBXProject "Shopper" */;
			compatibilityVersion = "Xcode 9.3";
			developmentRegion = en;
			hasScannedForEncodings = 0;
			knownRegions = (
				en,
				Base,
			);
			mainGroup = 69A529012371C09B000B8B21;
			productRefGroup = 69A5290B2371C09B000B8B21 /* Products */;
			projectDirPath = "";
			projectRoot = "";
			targets = (
				69A529092371C09B000B8B21 /* Shopper */,
			);
		};
/* End PBXProject section */

/* Begin PBXResourcesBuildPhase section */
		69A529082371C09B000B8B21 /* Resources */ = {
			isa = PBXResourcesBuildPhase;
			buildActionMask = 2147483647;
			files = (
				69A5291D2371C09C000B8B21 /* LaunchScreen.storyboard in Resources */,
				69A5291A2371C09C000B8B21 /* Assets.xcassets in Resources */,
				69A529152371C09B000B8B21 /* Main.storyboard in Resources */,
			);
			runOnlyForDeploymentPostprocessing = 0;
		};
/* End PBXResourcesBuildPhase section */

/* Begin PBXSourcesBuildPhase section */
		69A529062371C09B000B8B21 /* Sources */ = {
			isa = PBXSourcesBuildPhase;
			buildActionMask = 2147483647;
			files = (
				69A529252371C420000B8B21 /* ShopperTableViewController.swift in Sources */,
				69A529122371C09B000B8B21 /* ViewController.swift in Sources */,
				69A529182371C09B000B8B21 /* Shopper.xcdatamodeld in Sources */,
				69A5290E2371C09B000B8B21 /* AppDelegate.swift in Sources */,
				69A529102371C09B000B8B21 /* SceneDelegate.swift in Sources */,
				69F8E0AF237AFC410017B78A /* ShoppingListTableViewController.swift in Sources */,
			);
			runOnlyForDeploymentPostprocessing = 0;
		};
/* End PBXSourcesBuildPhase section */

/* Begin PBXVariantGroup section */
		69A529132371C09B000B8B21 /* Main.storyboard */ = {
			isa = PBXVariantGroup;
			children = (
				69A529142371C09B000B8B21 /* Base */,
			);
			name = Main.storyboard;
			sourceTree = "<group>";
		};
		69A5291B2371C09C000B8B21 /* LaunchScreen.storyboard */ = {
			isa = PBXVariantGroup;
			children = (
				69A5291C2371C09C000B8B21 /* Base */,
			);
			name = LaunchScreen.storyboard;
			sourceTree = "<group>";
		};
/* End PBXVariantGroup section */

/* Begin XCBuildConfiguration section */
		69A5291F2371C09C000B8B21 /* Debug */ = {
			isa = XCBuildConfiguration;
			buildSettings = {
				ALWAYS_SEARCH_USER_PATHS = NO;
				CLANG_ANALYZER_NONNULL = YES;
				CLANG_ANALYZER_NUMBER_OBJECT_CONVERSION = YES_AGGRESSIVE;
				CLANG_CXX_LANGUAGE_STANDARD = "gnu++14";
				CLANG_CXX_LIBRARY = "libc++";
				CLANG_ENABLE_MODULES = YES;
				CLANG_ENABLE_OBJC_ARC = YES;
				CLANG_ENABLE_OBJC_WEAK = YES;
				CLANG_WARN_BLOCK_CAPTURE_AUTORELEASING = YES;
				CLANG_WARN_BOOL_CONVERSION = YES;
				CLANG_WARN_COMMA = YES;
				CLANG_WARN_CONSTANT_CONVERSION = YES;
				CLANG_WARN_DEPRECATED_OBJC_IMPLEMENTATIONS = YES;
				CLANG_WARN_DIRECT_OBJC_ISA_USAGE = YES_ERROR;
				CLANG_WARN_DOCUMENTATION_COMMENTS = YES;
				CLANG_WARN_EMPTY_BODY = YES;
				CLANG_WARN_ENUM_CONVERSION = YES;
				CLANG_WARN_INFINITE_RECURSION = YES;
				CLANG_WARN_INT_CONVERSION = YES;
				CLANG_WARN_NON_LITERAL_NULL_CONVERSION = YES;
				CLANG_WARN_OBJC_IMPLICIT_RETAIN_SELF = YES;
				CLANG_WARN_OBJC_LITERAL_CONVERSION = YES;
				CLANG_WARN_OBJC_ROOT_CLASS = YES_ERROR;
				CLANG_WARN_RANGE_LOOP_ANALYSIS = YES;
				CLANG_WARN_STRICT_PROTOTYPES = YES;
				CLANG_WARN_SUSPICIOUS_MOVE = YES;
				CLANG_WARN_UNGUARDED_AVAILABILITY = YES_AGGRESSIVE;
				CLANG_WARN_UNREACHABLE_CODE = YES;
				CLANG_WARN__DUPLICATE_METHOD_MATCH = YES;
				COPY_PHASE_STRIP = NO;
				DEBUG_INFORMATION_FORMAT = dwarf;
				ENABLE_STRICT_OBJC_MSGSEND = YES;
				ENABLE_TESTABILITY = YES;
				GCC_C_LANGUAGE_STANDARD = gnu11;
				GCC_DYNAMIC_NO_PIC = NO;
				GCC_NO_COMMON_BLOCKS = YES;
				GCC_OPTIMIZATION_LEVEL = 0;
				GCC_PREPROCESSOR_DEFINITIONS = (
					"DEBUG=1",
					"$(inherited)",
				);
				GCC_WARN_64_TO_32_BIT_CONVERSION = YES;
				GCC_WARN_ABOUT_RETURN_TYPE = YES_ERROR;
				GCC_WARN_UNDECLARED_SELECTOR = YES;
				GCC_WARN_UNINITIALIZED_AUTOS = YES_AGGRESSIVE;
				GCC_WARN_UNUSED_FUNCTION = YES;
				GCC_WARN_UNUSED_VARIABLE = YES;
				IPHONEOS_DEPLOYMENT_TARGET = 13.1;
				MTL_ENABLE_DEBUG_INFO = INCLUDE_SOURCE;
				MTL_FAST_MATH = YES;
				ONLY_ACTIVE_ARCH = YES;
				SDKROOT = iphoneos;
				SWIFT_ACTIVE_COMPILATION_CONDITIONS = DEBUG;
				SWIFT_OPTIMIZATION_LEVEL = "-Onone";
			};
			name = Debug;
		};
		69A529202371C09C000B8B21 /* Release */ = {
			isa = XCBuildConfiguration;
			buildSettings = {
				ALWAYS_SEARCH_USER_PATHS = NO;
				CLANG_ANALYZER_NONNULL = YES;
				CLANG_ANALYZER_NUMBER_OBJECT_CONVERSION = YES_AGGRESSIVE;
				CLANG_CXX_LANGUAGE_STANDARD = "gnu++14";
				CLANG_CXX_LIBRARY = "libc++";
				CLANG_ENABLE_MODULES = YES;
				CLANG_ENABLE_OBJC_ARC = YES;
				CLANG_ENABLE_OBJC_WEAK = YES;
				CLANG_WARN_BLOCK_CAPTURE_AUTORELEASING = YES;
				CLANG_WARN_BOOL_CONVERSION = YES;
				CLANG_WARN_COMMA = YES;
				CLANG_WARN_CONSTANT_CONVERSION = YES;
				CLANG_WARN_DEPRECATED_OBJC_IMPLEMENTATIONS = YES;
				CLANG_WARN_DIRECT_OBJC_ISA_USAGE = YES_ERROR;
				CLANG_WARN_DOCUMENTATION_COMMENTS = YES;
				CLANG_WARN_EMPTY_BODY = YES;
				CLANG_WARN_ENUM_CONVERSION = YES;
				CLANG_WARN_INFINITE_RECURSION = YES;
				CLANG_WARN_INT_CONVERSION = YES;
				CLANG_WARN_NON_LITERAL_NULL_CONVERSION = YES;
				CLANG_WARN_OBJC_IMPLICIT_RETAIN_SELF = YES;
				CLANG_WARN_OBJC_LITERAL_CONVERSION = YES;
				CLANG_WARN_OBJC_ROOT_CLASS = YES_ERROR;
				CLANG_WARN_RANGE_LOOP_ANALYSIS = YES;
				CLANG_WARN_STRICT_PROTOTYPES = YES;
				CLANG_WARN_SUSPICIOUS_MOVE = YES;
				CLANG_WARN_UNGUARDED_AVAILABILITY = YES_AGGRESSIVE;
				CLANG_WARN_UNREACHABLE_CODE = YES;
				CLANG_WARN__DUPLICATE_METHOD_MATCH = YES;
				COPY_PHASE_STRIP = NO;
				DEBUG_INFORMATION_FORMAT = "dwarf-with-dsym";
				ENABLE_NS_ASSERTIONS = NO;
				ENABLE_STRICT_OBJC_MSGSEND = YES;
				GCC_C_LANGUAGE_STANDARD = gnu11;
				GCC_NO_COMMON_BLOCKS = YES;
				GCC_WARN_64_TO_32_BIT_CONVERSION = YES;
				GCC_WARN_ABOUT_RETURN_TYPE = YES_ERROR;
				GCC_WARN_UNDECLARED_SELECTOR = YES;
				GCC_WARN_UNINITIALIZED_AUTOS = YES_AGGRESSIVE;
				GCC_WARN_UNUSED_FUNCTION = YES;
				GCC_WARN_UNUSED_VARIABLE = YES;
				IPHONEOS_DEPLOYMENT_TARGET = 13.1;
				MTL_ENABLE_DEBUG_INFO = NO;
				MTL_FAST_MATH = YES;
				SDKROOT = iphoneos;
				SWIFT_COMPILATION_MODE = wholemodule;
				SWIFT_OPTIMIZATION_LEVEL = "-O";
				VALIDATE_PRODUCT = YES;
			};
			name = Release;
		};
		69A529222371C09C000B8B21 /* Debug */ = {
			isa = XCBuildConfiguration;
			buildSettings = {
				ASSETCATALOG_COMPILER_APPICON_NAME = AppIcon;
				CODE_SIGN_STYLE = Automatic;
				DEVELOPMENT_TEAM = 4U73VF69U7;
				INFOPLIST_FILE = Shopper/Info.plist;
				LD_RUNPATH_SEARCH_PATHS = (
					"$(inherited)",
					"@executable_path/Frameworks",
				);
				PRODUCT_BUNDLE_IDENTIFIER = com.stephen.Shopper;
				PRODUCT_NAME = "$(TARGET_NAME)";
				SWIFT_VERSION = 5.0;
				TARGETED_DEVICE_FAMILY = 1;
			};
			name = Debug;
		};
		69A529232371C09C000B8B21 /* Release */ = {
			isa = XCBuildConfiguration;
			buildSettings = {
				ASSETCATALOG_COMPILER_APPICON_NAME = AppIcon;
				CODE_SIGN_STYLE = Automatic;
				DEVELOPMENT_TEAM = 4U73VF69U7;
				INFOPLIST_FILE = Shopper/Info.plist;
				LD_RUNPATH_SEARCH_PATHS = (
					"$(inherited)",
					"@executable_path/Frameworks",
				);
				PRODUCT_BUNDLE_IDENTIFIER = com.stephen.Shopper;
				PRODUCT_NAME = "$(TARGET_NAME)";
				SWIFT_VERSION = 5.0;
				TARGETED_DEVICE_FAMILY = 1;
			};
			name = Release;
		};
/* End XCBuildConfiguration section */

/* Begin XCConfigurationList section */
		69A529052371C09B000B8B21 /* Build configuration list for PBXProject "Shopper" */ = {
			isa = XCConfigurationList;
			buildConfigurations = (
				69A5291F2371C09C000B8B21 /* Debug */,
				69A529202371C09C000B8B21 /* Release */,
			);
			defaultConfigurationIsVisible = 0;
			defaultConfigurationName = Release;
		};
		69A529212371C09C000B8B21 /* Build configuration list for PBXNativeTarget "Shopper" */ = {
			isa = XCConfigurationList;
			buildConfigurations = (
				69A529222371C09C000B8B21 /* Debug */,
				69A529232371C09C000B8B21 /* Release */,
			);
			defaultConfigurationIsVisible = 0;
			defaultConfigurationName = Release;
		};
/* End XCConfigurationList section */

/* Begin XCVersionGroup section */
		69A529162371C09B000B8B21 /* Shopper.xcdatamodeld */ = {
			isa = XCVersionGroup;
			children = (
				69A529172371C09B000B8B21 /* Shopper.xcdatamodel */,
			);
			currentVersion = 69A529172371C09B000B8B21 /* Shopper.xcdatamodel */;
			path = Shopper.xcdatamodeld;
			sourceTree = "<group>";
			versionGroupType = wrapper.xcdatamodel;
		};
/* End XCVersionGroup section */
	};
	rootObject = 69A529022371C09B000B8B21 /* Project object */;
}
